version: 1
checksums:
  f3526ad01ba955a40cb854dadf22b848:
    language: e1eeeb379f86a015d6e581fcbc4af7f3
    supportTailwindCssV4: 726d14e3f85bb055c5db0bce8b45e859
    pluginHighlight: 067eb860d4861ec241566eab7719824b
    start: 5c783951b0100a168bdd2161ff294833
    learnMore: e598091d132f890c37a6d4ed94f6d794
    exclusive: 3f98452cb3f550ab81aa316bb07bcfc8
    features/multiMode/title: df394725f8af74b47359f061ac3c40cc
    features/multiMode/description: fbe7dbcdc7356a3c4aeefb574a60333b
    features/mergeTypographyStyles/title: 77df22f941841d388deb7631702237f5
    features/mergeTypographyStyles/description: 4a1a04097343785f46bdbb49ecfbf14a
    features/cssMediaQueryMode/title: 304b255ad622e10d1630aba83c282dfd
    features/cssMediaQueryMode/description: bed5df773f699875d20540e8fad82fc0
    features/unitConversion/title: aff7c68bfdb8dee8faeb06126634942f
    features/unitConversion/description: 779998fc8e60352d51c7bc57fcbca088
    organizingYourVariables/heading: 5183aa3fde402178bfc9d0b57d8969c5
    organizingYourVariables/principles/title: 51724209973365ced2fa65806a35ea09
    organizingYourVariables/principles/description: 7746c16c9738ea317b812e0f8fc57bc0
    organizingYourVariables/colors/title: 73e3760f2fa1e70a0e3ef3baaf091d5c
    organizingYourVariables/colors/description: 63fc82623fce0d59ef8a5de99834eff6
    organizingYourVariables/typography/title: a24b6faf3ef47506d7fab0c9348834ac
    organizingYourVariables/typography/description: f77569088531cca567040c3c976af1b3
    organizingYourVariables/spacing/title: 6a970c0220439b1ab7fc86d643efd6c5
    organizingYourVariables/spacing/description: 727068e8e595679403b6eaa731f91ca3
    organizingYourVariables/other/title: 0cd6c17a1a59000fd5490f6987e491c1
    organizingYourVariables/other/description: f7a94ba928837509512566f7f120842f
    organizingYourVariables/multiMode/title: df394725f8af74b47359f061ac3c40cc
    organizingYourVariables/multiMode/description: 0caa716bfd855f210324d1eb406286ea
    figmaTemplate/heading: 120abf59a838bdf15155b32a5ff93228
    figmaTemplate/title: ed2e8303056d538b4b5d7ea7404bea77
    figmaTemplate/description: a90cec556d5653dee1dc399131427b05
    figmaTemplate/openInFigma: 1308c3d6fd7b102179f449d5b969616a
    example/heading: c2d5d8760d96802e1b9a7bac290b1cfc
    example/title: c2d5d8760d96802e1b9a7bac290b1cfc
    example/description: 8672ca16ad1e9e0d8f3285bf31b9ed0c
    example/note: ec6aef3f6f87ba3064c38f60bd309cca
    example/default: d9c6dc5c412fe94143dfd1d332ec81d4
    example/compact: c00e2f25fbf484d7378740f57192f48f
  a06579c54fb7dfda1d27d2126ec7db7a:
    language: e1eeeb379f86a015d6e581fcbc4af7f3
    back: f541015a827e37cb3b1234e56bc2aa3c
    export_figma_variables_tailwind_css_or_css_variables: 8eb1f36ad66069cc6463377ecaa9098a
    get_started: 5c783951b0100a168bdd2161ff294833
    select_variables_to_export: 10f80150f56b404abf13cf2e0b067113
    select_collection: 529e4d75dfe855b7cb4faef93d1dcb9d
    select_variables: 620ca97f2a68dc5c16cb5cb663899052
    format: 14dfd9f7515f22e0f6f2ba64bc6af47e
    export: 709afbc86c5fdca279a111ea8e49d1c9
    export_successful: d2ec02cb47d86b37a001e88f48335b7b
    import_as_tailwind_css_presets: 8fe22ba90656871cd86f77a63fa8ee0d
    use_rem_as_unit: 4f558dcb4747fb38d0002cfdec3bd142
    ignore_tailwind_css_default_palette: 45ab8f1492073cdf5b7b481c92da4523
    ignore_default_palette_description: 2ad015091a0c3f5a687ae7d2037ae8cd
    tailwind_css_figma_template: 2b863c4a476bfe5ec1c75c32c95ee36c
    documentation: 1563fcb5ddb5037b0709ccd3dd384a92
    setting: 8df6777277469c1fd88cc18dde2f1cc3
    root_element_size: 7641e978655f847e0b1ca02b3467e308
    window_size: 5f10cfe65d258a0a60ef5d61a2d10a8d
    large: 890b7851af05f97ac53644e4154c13b4
    medium: 43983f2178fb28aacaef6c5f41282c4a
    small: 3adb3ae7891c5736776df840cff2360b
    when_do_you_need_to_do_this: 73832ce0e6e602bd26974d8a43ea7ddf
    when_do_you_need_to_do_this_description: f3b3c3193bff92d79d1b89777eb9effa
    tailwind_css_variable_naming_specification: 730974223f9936f11c9fcdc8389ed450
    view_our_variable_organization_suggestions: bd7a5dc9a1558a9d766c94b8527be838
    export_feedback_message_part1: 33cfa76f5662c7c33c73938cb8aac0b7
    buy_me_coffee_link: db59a222111987464138bd6998f188e1
    export_feedback_message_part2: 733e42e8568fbb69d41c8c1e1dddf327
    organization_guide_link: 9d6724a66fd90a157e1041d16408b53e
    export_feedback_message_part3: 28e8b27fb60b305a9caac04d8a92a038
    github_link: 2d171e1889093733b7f5785c2316bfce
    export_feedback_message_part4: f05f450fffcb17520c441ab9789f40ce
  3a510916633619a36c46f7b6ae466490:
    md-section-0: 2bb2c65131ca6c14a40dc0473968447f
    md-section-1: 2f146f38a72aadaa46cceaa266400b3b
    md-section-2: 5236432c7fa6a59120963f77597ff3fb
    md-section-3: ac0031f1b73e5e831a8b340918c018bf
    md-section-4: 4970f0615d6c9cf3e42e9b23f95dd8f1
    md-section-5: 54ff3eef269e1d01ca9804fe307a3aca
    md-section-6: 57b0ecc9bb83bb479c923d2f430196f3
    md-section-7: 2a40ea0da8267e4915f5519950bb9796
    md-section-8: 92e53358915308e6e4a3a1cf88369727
    md-section-9: aef9aa1a0f5807b83ce97c1336a10177
    md-section-10: bd2642ca094c2e4ce733f0386172be2d
    md-section-11: 916de7f047b4589fe2886d07364b89c5
    md-section-12: ceefdc76186a152d351d5275d67b2934
    md-section-13: ca78149f82e71c93113dc8a184d2608a
    md-section-14: 1b93ff15855b37edf684c20ff4055bb6
    md-section-15: 7228772028a4a3ed8ef3d7832b50f92f
    md-section-16: a938bef7f9f2da48d3909c074208fd64
    md-section-17: dfa887fd8e827310b1b681907461b576
    md-section-18: 043bf1795b7f79bb3bfa2d20fa2f9923
    fm-attr-title: 6ffc4403292720e4db67e1436693f948
  421abf4e9b57e6555d87637d4573c9c0:
    md-section-0: f585fd2264d56f463d95f9b0811d400e
    md-section-1: 3ab248110c2bc5717071d5dfd6b12b42
    md-section-2: 36753e01548ae112145b5bc64d437740
    md-section-3: 7c8c2a4310b6b7b4efb15ad15735c11b
    md-section-4: a3198863464e2b37f4314cfcb6f3faee
    md-section-5: e428cd3bb6719ec09232bce4391918fc
    md-section-6: 850ba6a9c26a948fc6b19d7a9b16d32d
    md-section-7: 0c8c02bec174303103a2cec505203a10
    md-section-8: 12f17900cdae0459cfbbd154f8174ab2
    md-section-9: 6db0a99e7ec59558c3b2d054f09dda5d
    md-section-10: 61bf56d11bee017038bc24755d351f21
    md-section-11: 1253c2d1afea8fbd2a065132bc0d9d79
    md-section-12: 1bd10350a0bf4cbd854ec200670a3fb0
    md-section-13: c2d0f6db56b30c552245bd2d64c8387c
    md-section-14: a38f340fe6df582def9b403ffe701279
    md-section-15: 8480183bc0a8b51bedf55a3408e6eab4
  526eb653e310e3a55d22ac15b1fda056:
    md-section-0: eca3ef68f46869882f559d83219092f4
    md-section-1: eba766baf71fa1c389b1bd61f1d866a5
    md-section-2: c389865bafdbfbbfa8aa34cd54d396bb
    md-section-3: 2384ccfb1e621408ef3e42d85ae63158
    md-section-4: 55873ecec3a1ca7eb0f206c36079638a
  e8b66a312fccfe004b1b7bfc0b7a069b:
    md-section-0: 0b2853372f391bb69280c88ed49d1f12
    md-section-1: 3991a34113d15a2b23f6d0c327bef41c
    md-section-2: 43b7bab71fedb8c00d2c8850ad4b5251
    md-section-3: ebcb55c6339bc055644a8b4e32038fc2
    md-section-4: aff268311ce619adb088935d702af8ff
    md-section-5: 3f7ae860368d8e7f755d4cdf27226bc3
    md-section-6: 3a62b70eb35f49ec19dbe1058a3a5b15
    md-section-7: 116cc763864e9254b32b1eeb23f6098e
    md-section-8: 0d8cbf3f88b19b1e078dcf7d8856244a
    md-section-9: 6f835efb62b951e44b0b072f1361f409
    md-section-10: 2b526289ef98f1c19afeea35253d57bf
    md-section-11: f6614268277c932232f1b1d09b11cbf0
    md-section-12: 02f0d617f08738955b88cf0127de27b3
    md-section-13: 746ffd0383675ffde566c49bdb07328e
    md-section-14: 7fc8be945380246fe62554f8973dae90
    md-section-15: 1aefb07f8e3f04c7e6d81067df5b498b
    md-section-16: 0ac5857d0fde4f7396ec0755bb2c5155
    md-section-17: 51adf33450cab2ef392e93147386647c
    md-section-18: 01c5b70f0fba539c111f9bdcd588c436
    md-section-19: a4cc12a87f8f9341b7336dc50185f524
    md-section-20: 304d0f5b38b066e1a3e38ddc5e1a245a
    md-section-21: 52df53f28f044885adef76582265c39b
    md-section-22: c95ec550163ac3d226909f36704ee4ed
    md-section-23: 3b5ee6b7e29728a4f99b92edc6830a45
    md-section-24: 7bf783742fbf69ebb5a7a0abea8aa67d
  2cba9823b7fe411994f1b2724117cc5c:
    md-section-0: 969e9faf35654bbf9c381bcca62c088b
    md-section-1: fcfca4554245fb5978c056dd079fc662
    md-section-2: 10a7c1c96da2ecaf76d2c202d394fb76
    md-section-3: ebcb55c6339bc055644a8b4e32038fc2
    md-section-4: 2642f7bc79f21a41d33b418f1e59ee91
    md-section-5: bdc086baee49b4486ed404b1a60d8650
    md-section-6: 29fde6d0e57bd912fcda5aa6ec8e01e3
  9cdcc1df0e5d5305b512c506c7150b3e:
    md-section-0: a0d7d18bb78b379ad144cd5d2ead68a8
    md-section-1: 4d03fb9507a4ef9f9c63fb99a8c6e755
    md-section-2: 4886719cbd5f7034b0e8ff92d121d049
    md-section-3: bcea3a94564dd660329b0521d65926e9
    md-section-4: ec767ff1c42b0f9e0828438350b123dd
    md-section-5: 37b0733251fedf24d4a30b21e78cba7f
    md-section-6: cfd892cdb865c4b3312899ef0cc41ba1
    md-section-7: abd3bf1fead61547abc3c25c173583e6
    md-section-8: fae88aa57b90945565f18fcbb45bddc5
    md-section-9: c25446bb038387733f150e25a17d9bf5
    md-section-10: 35c18dca92acf4460fd6a1cca3326a32
    md-section-11: ed71f1e71683571eeac2f80c291c0a1b
    md-section-12: 2d35f01e0050ff346385e48d9f072790
  3642ede58f59b7bd70c395d3da40c113:
    md-section-0: ee6d6503a586880a19753d75850346c0
    md-section-1: 7ee183e1c22c5f50791bbd6b45bb5718
    md-section-2: 8589379924d4868938d6c35a64b42165
    md-section-3: af5d3bf6066b7a65b9835b72ace4bbdd
    md-section-4: f2c07b4b6edfdbd65f87bf8c759db525
    md-section-5: d5b51e6830460e2ec38b90bb4ecbfabb
    md-section-6: 964727a0663a1777ac12f64bf24b98b7
    md-section-7: 7f92e896bc478215c382717563854b54
    md-section-8: 723358a8f05625b4b325f4e47bec8d17
    md-section-9: 937738e335ff04af85f17bc3078468c4
    md-section-10: ee89ce68092512dcb5986391ffacf453
  db7dc9e97b95092f4f25766ecb983aaf:
    md-section-0: 41cde00c1d42ae58b61d14c1d8e18a77
    md-section-1: 9e8d3531a047b3f31dee1ce645953ca0
    md-section-2: dcfcb3638a334e24c922679f6bc978b5
    md-section-3: b09e796b23703ae1181a6dd3ae3c59b0
    md-section-4: 316562718be1549fd2f024b028ea3607
    md-section-5: 250d9c5816af3140769d0d03eb561973
    md-section-6: c71baf8bce9d6765cb35271350974226
    md-section-7: 03d536cb9c601c881314ffc41c343535
    md-section-8: 5f65d0364a4d70e761c9b2e8ecb6cfc7
    md-section-9: 995c317856081766d67555ce254af8ee
    md-section-10: 132411344005eadc6a62e1871a57a6bc
    md-section-11: 0cd69a95c98c8796063e0cabd419861b
    md-section-12: 2b72c3727b63f53eebfcaaa6a9a0540b
    md-section-13: d90dc287905449ce37d29377f334db93
    md-section-14: b1ad430eca21e813af980330090c9b40
    md-section-15: f6411325b2603548955fccb01dd7b549
    md-section-16: 7920a6a23bf1703db931e0a8aea005c8
    md-section-17: 995a7cac049ec7dd782aa2f84f4e46b9
    md-section-18: f3a5b888976b162d5dc07de1c6c29941
    md-section-19: 5bb7739a289eeb1860a23f03c18d0622
    md-section-20: e236a7377f6a58badcaafcb63b2fc7e1
    md-section-21: 5bcc71024a3085c703a2b01718e9ca81
  cf14e5b488b724a16dc5220099c6c51c:
    md-section-0: 1b629e8c1dc288edfa5658aed6e60744
    md-section-1: 4e04ceda78de5b4c5ed4310ad0adcca9
    md-section-2: 4037b7b15dd0cd85232a872dbce69749
    md-section-3: ebcb55c6339bc055644a8b4e32038fc2
    md-section-4: f7db555236046c1e1c228aba7eb6ebcc
    md-section-5: e68396e57b8053c1bd553e0de7747ba2
    md-section-6: 063c5bb05f73b879242aa755835a2e35
    md-section-7: 97b40d5a14a6b5383a894d34ab5c0b81
    md-section-8: 07a53140d276f40023e3984de20a304e
    md-section-9: 6025207b7cb634d2fb546203f60b6c91
    md-section-10: 0705a6087395829a9c0372b344a927e7
    md-section-11: 97b40d5a14a6b5383a894d34ab5c0b81
    md-section-12: ddc805c42062fcf8f92dfb9c0349e483
    md-section-13: 6025207b7cb634d2fb546203f60b6c91
    md-section-14: 7ea1bbd6e8efe063dd355a60329b7e42
    md-section-15: fc7d781456145d8c67b5436a7d4030bc
    md-section-16: 36a94cb4565f75f0ec52cfc9b1dcee28
    md-section-17: 540115094dfdfa14ca61ff9b8976f803
    md-section-18: 837d571812e474440f3f0925db6d608a
    md-section-19: 7f61e957196343b411b0c04dd1a89ce8
  a0b411f82f1611fd7353262ed23ca068:
    md-section-0: f46a1e81cbfad09cbfce9888270e3e52
    md-section-1: 8d32ba30e992b63b52132a85a96324ff
    md-section-2: 06d1f117fac6cde84ad45036bfa724b1
    md-section-3: 81af1b1cf2bdb798adac820d95a27390
    md-section-4: 21f4214c100a7d52d3cc471331df92c4
    md-section-5: 6bf2ff7f14dc4370440787b7f57a6022
    md-section-6: 6d2f1c1324b0ea3740eb598f68ff469a
    md-section-7: fa9299067d0752c702f923e7ff4a2e56
    fm-attr-title: aff7c68bfdb8dee8faeb06126634942f
  dab6f6d5f7e12b4f35aac0a73023bc1f:
    md-section-0: 745f10809f4ffc1920deafa529e2a26b
    md-section-1: deda2704488832496cd5ecd8e3d4fafa
    md-section-2: e5794e7ffe6e5fcc48463774b619747b
    md-section-3: 3cfda7d1291be5a138ef18f7781b4c87
    md-section-4: 624318877ab2963baecf0823168f4451
    md-section-5: 33b17b07e8c4609ec1f70e44b84aeefa
    md-section-6: d11cf71388f915513c75339bb8e45daa
  9d83f36cbd88969502fafb8154908c63:
    md-section-0: 3a7f707160695669a9407fd9a407e27f
    md-section-1: b32db9e7c7f183baa3c10c4d819e1b0a
    md-section-2: 2199c2ee458254386ec2664a32903369
    md-section-3: 33b17b07e8c4609ec1f70e44b84aeefa
    md-section-4: 7615d61f6ba9bc4b09055a459762c2f9
    md-section-5: dc7d15d8198e955a9dc34096fdb7ef86
    md-section-6: ff101ff59a81729f724eac38aabe16bb
    md-section-7: abd3bf1fead61547abc3c25c173583e6
    md-section-8: 6dd1ebf4d178915c78db33d0c8b7e16b
  9b229dea6881e03ee3fb60d6b0633648:
    md-section-0: 0b2853372f391bb69280c88ed49d1f12
    md-section-1: 06ab3e6536ccbd26218286b229e7d131
    md-section-2: 13712123894bf297bdb84abb22bd9eb3
    md-section-3: bb7c521fade8b9d7d9009e8316ed9117
    md-section-4: 1df4767423a9f02a0f996cbeb44e5129
    md-section-5: 06d1f117fac6cde84ad45036bfa724b1
    md-section-6: d9ced52106f53f10113a024d6a0b4430
    md-section-7: 7023d23a45eea6e5e5279104bd3302b8
    md-section-8: 4425ce02cea167525867a60ba5716f90
  0fdd95f50f03121444faffa1664e1de6:
    md-section-0: e143c9cd797b31dde7a024dde25781cc
    md-section-1: d5899cc850fb9996057ae01604de724e
    md-section-2: 06ea348592c7d3a34a108f8cee1f53b7
    md-section-3: 33b17b07e8c4609ec1f70e44b84aeefa
    md-section-4: 7552f3dff388513fad6466661769921a
    md-section-5: ee27fcb1f45716bcb8a379ca60de74dc
    md-section-6: c743c74a73772d6e231d97d5b384fc67
    md-section-7: dfd412848bc6bed773ae4897c433a664
    md-section-8: 95becb7117a2cf42d452e57b7717afa8
    md-section-9: 766121998ef0bcf713e8a7d3449fdec4
    md-section-10: 25629d2533b2ce738e14d35039cb0f0e
    md-section-11: fcfed7bc832a098966e58dfa8117589f
  0d7192d9bcf1b08927a1723b943a3063:
    md-section-0: 6f82dab9821559a81efd1d31550f928f
    md-section-1: 9e464950562df988dcc1a3543e1e7331
    md-section-2: 3748521eb4da8e2feed0b10cadc9d344
    md-section-3: e08fa3c9039c235df9bf1539da302165
    md-section-4: 596593f7420f3bb082093a20c2cca6af
    md-section-5: 480e8e1ddafac624ab72c745d0b0e9cb
    md-section-6: 94e7aa35c0229e6949f55afd081b168a
    md-section-7: 087693031cfcebed91d3a669870021f2
    md-section-8: f267b36431be086f3c2aa6eb8b799a82
    md-section-9: df4f21922531b9252a18eb00479e2caf
    md-section-10: 5580c88ec571569f08fb39318fc44433
    md-section-11: 1362f2141014e0b058a0c67a0c072aa5
    md-section-12: 51adf33450cab2ef392e93147386647c
    md-section-13: 3dd45c0e6c7321838de6081d69975110
    md-section-14: 4a91752d934e9c5d1d69fe992cad8959
    md-section-15: d2222c3ba44ee537f98ffbb29513b1cd
    md-section-16: 125acb7b63e5974d7693182f9501b312
    md-section-17: ba6327fe3addf68791e085d4bee5c720
    md-section-18: d830ddaf1bc70c495cce19207e191161
    fm-attr-title: a16d1edb5eb63ad181a1ab8073a92c2a
  7732f7f20c6a13242cf6a404176ba980:
    md-section-0: 6f82dab9821559a81efd1d31550f928f
    md-section-1: 29f5cfacca348c0df674e0199acea25d
    md-section-2: 00152be12e7146b9914beff1beb676b8
    md-section-3: e08fa3c9039c235df9bf1539da302165
    md-section-4: 596593f7420f3bb082093a20c2cca6af
    md-section-5: cae109bf5bd461cd435033f984f19f09
    md-section-6: 12d2c1e6529de2aee7d99b04c6c5cc32
    md-section-7: 091923fba6f1f8dec4f95044ce207036
    md-section-8: f267b36431be086f3c2aa6eb8b799a82
    md-section-9: b6c4b164095be3b4fe0c02693cdadc7d
    md-section-10: 5580c88ec571569f08fb39318fc44433
    md-section-11: fea9f502c064f1b3038079f15dbc3ce8
    md-section-12: 51adf33450cab2ef392e93147386647c
    md-section-13: 3dd45c0e6c7321838de6081d69975110
    md-section-14: 9cb76f2124293efe4a6d89f1d755b795
    md-section-15: d2222c3ba44ee537f98ffbb29513b1cd
    md-section-16: 125acb7b63e5974d7693182f9501b312
    md-section-17: ba6327fe3addf68791e085d4bee5c720
    md-section-18: d830ddaf1bc70c495cce19207e191161
    fm-attr-title: 659b4db81cb581943c38b0b2ddb00637
  1ee230a14721e53d4abbdcf25c0335ca:
    md-section-0: 59b67a182fc04a3abf79f4a430c63c6e
    md-section-1: 9a5eefb048f14fd7997f0cdc5f2d30ba
    md-section-2: fd36bd27b717b0d4355c3cc6a2202444
    md-section-3: 90d70cbdec064800b09728d871e1110e
    md-section-4: e53e0f2cda93b173832d22e5ee466ff2
    md-section-5: b326595610433745ced7c64a2692d966
    md-section-6: 5d41de891c4824bc58954925ab98ef03
    md-section-7: 4c0d38c1f4b16dc4a69f1986600107d1
    md-section-8: f267b36431be086f3c2aa6eb8b799a82
    md-section-9: 4220a1a7f0d161ed1597c975045cfe12
    md-section-10: 3dd45c0e6c7321838de6081d69975110
    md-section-11: 62d97238535f6a66c7e728b34d2a1880
    md-section-12: d2222c3ba44ee537f98ffbb29513b1cd
    md-section-13: 35691a38ced5ea26c3664db36cc1662d
    md-section-14: ba6327fe3addf68791e085d4bee5c720
    md-section-15: 7b4268e456a44dc26db228f4be5d3b5e
    fm-attr-title: 187a2cbb45c41a99615d5c873739aa73
  ac330dcd21b156b5f423a1b7a0b848a9:
    md-section-0: 13c1ad365f208984f887ec16cee39f11
    md-section-1: 32b7e2fcfdbea9be549bd5c7413f0708
    md-section-2: 97bafc6c6327a37afd2a4fdddd3dca3f
    md-section-3: 58bc13574dfc0029e32f68fa741dd650
    md-section-4: 0dac4b0039d81b7906bd2dfbbdadf58d
    md-section-5: 463fe132bd4c8d400d4f0ea4b4bd327f
    md-section-6: 19de16a36340737635e93fb48b3ee916
    md-section-7: 5c9e998e274aae3f4a3b98e742541724
    md-section-8: 1e23e924b095728f9fd599a9662ed9f6
    md-section-9: a7142e0fb9905fd99746395443f26db0
    md-section-10: 5c342aaf9aacbf8d90f5385806795718
    md-section-11: 020e5848b7c06205371ac2472e6b4c43
    md-section-12: 3a2e3dbdccebb486d6fa86562f8f9797
    md-section-13: ac8f45ff9dad453d51d7102429ec9144
    md-section-14: 7c289704b45146c3658b342b2c24ff0e
    md-section-15: 24e2db94cc6fcb61c9278cbb8861b601
    md-section-16: 3db937bc4c8822a1dffc4001ea07b8df
    md-section-17: 695764a1354415622fdbbca08d342ed4
    md-section-18: e39236b6357708532dfdf6b25b972567
    md-section-19: 7adf4b275d17a0d059eeae8b7c0f3c97
    md-section-20: 70b94e8d521102beabed2319761c0142
    md-section-21: 3242fccaefecd4d937e111b120d37663
    md-section-22: f015ef36318be41484c6022b1e3ce454
    md-section-23: b7ddc03a50c3d5e833629419d4bf2c69
    md-section-24: fc5ce74439974231ff73f7afbb3d6677
    md-section-25: a4a49bdedd9c6f53c087b8089c9066ac
    md-section-26: 38a143a46c93ca5a01586672cb72fd6a
    md-section-27: 0170e04d977dc27a89bdf5a8f249eb4f
    md-section-28: 755b803fc941f6f4635ddf2f109eb436
    md-section-29: f7d7984f423c2b98224168815a03f4dd
    md-section-30: 77f4c86380b6f810a6b42afe7babcd43
    md-section-31: 36695957c6b96c4d6cc107f961e3015f
    md-section-32: 80094d698ebcb0a323f7acddc92a6356
    md-section-33: a5196ea301ae80977e0868a2ba943ff1
    md-section-34: ab350a6cf0e20fa02df1a5c03671b986
    md-section-35: f290ba686cf0131dbdd49b25c2ba40a7
