version: 1
checksums:
  f3526ad01ba955a40cb854dadf22b848:
    supportTailwindCssV4: 23bb17e4e92905a6366764e9dd2c9cf6
    pluginHighlight: 2fa4906c3d7931059064d6fe69963ebe
    start: 1840750f14ef54e8f90d24ada4c0ce17
    learnMore: 8b951e31c72e628b3067f54c47e2d1d6
    exclusive: e02ac5d232d6c9f29b2a5e28ae603e9e
    features/multiMode/title: a8b19336d9574b897f6f108131b16e36
    features/multiMode/description: 071eef325a8896bb09f5d6fd9876d26b
    features/mergeTypographyStyles/title: 4cd0fe73c4f4da7f0cd04af101c71732
    features/mergeTypographyStyles/description: 9c25ac35dd65762a29c02b31ebb71737
    features/cssMediaQueryMode/title: 1155cacdf81d10379026c625cd23a118
    features/cssMediaQueryMode/description: 1025e274659dd7586a01b22baee32584
    features/unitConversion/title: 1afdc52e1f63025fb69882f24af14575
    features/unitConversion/description: 9caf4bdf52acdbdd8bbc4c25656a9b40
    organizingYourVariables/heading: 75cb0096c85ab92caacf98f6756c7668
    organizingYourVariables/principles/title: bddbeab72a13c07cb47a83f3b79ef98e
    organizingYourVariables/principles/description: f92e995aec216785b533d8add9ef3332
    organizingYourVariables/colors/title: d4a3126551f37646eabd56f5e23cd7b8
    organizingYourVariables/colors/description: 95cc0a86569492530ac7ab18fd0a37f9
    organizingYourVariables/typography/title: 78a3b3701d9db9245db9810de6c72efb
    organizingYourVariables/typography/description: 80d45ba460059c8f4596d2ee94120b11
    organizingYourVariables/spacing/title: 9d908fa9da52a9414b2b5a22d5bb5ca5
    organizingYourVariables/spacing/description: 8e643bad74225d5005578bb11ec139c2
    organizingYourVariables/other/title: 2a95bc909e5213df9bd96d27684b2fc4
    organizingYourVariables/other/description: 7df741e3384d59d075dc90063d3e1997
    organizingYourVariables/multiMode/title: a8b19336d9574b897f6f108131b16e36
    organizingYourVariables/multiMode/description: 4491d037ce3493892e6a489439f8fb23
    figmaTemplate/heading: 1d10d026f697bf59ee3a524fde5b2a63
    figmaTemplate/title: d8456a0aa7dcb35de2018946e297437f
    figmaTemplate/description: da44b0452ceb9b9f27a6e09112e35f10
    figmaTemplate/openInFigma: ebd3e531ec366f78d81dfdc44d8946f1
  a06579c54fb7dfda1d27d2126ec7db7a:
    back: d9aa975ba76c61034ce8282e321f0a55
    export_figma_variables_tailwind_css_or_css_variables: b6c7e1f21d3bd7428cb1f72374728f78
    get_started: 23c8739d668d91d25a4cbbd64ef5de89
    select_variables_to_export: 694da5a5f71cf08b59645ba03da91f16
    select_collection: 640d6561f8aebe33b239c7bdd5e6fab8
    select_variables: 87a10d722eaa20ee541b56726cc69811
    format: 83fb94fe68d5b66e53fb4b628bdfe2ef
    export: d1c1923befd470e0e9785e0c5b8f89bf
    export_successful: 77852d30a6213edd025532425427e701
    import_as_tailwind_css_presets: 7258b2617b466ecb666922aabf53a40c
    use_rem_as_unit: 817f5cd76c831d8d9389e34b35518b3d
    ignore_tailwind_css_default_palette: f55c362c86bd3ae50dd6dc4265b10c2b
    ignore_default_palette_description: 93cadacb97e80e00437998e967dc40bc
    tailwind_css_figma_template: 1eafee06faeeb1f8b46745179dbe46f3
    documentation: c3ac75f1d6ae0b9f28104800bc9b889c
