version: 1
checksums:
  f3526ad01ba955a40cb854dadf22b848:
    language: 56d7ebc7e245c2150d34cd2908dec619
    supportTailwindCssV4: 23bb17e4e92905a6366764e9dd2c9cf6
    pluginHighlight: 2fa4906c3d7931059064d6fe69963ebe
    start: 1840750f14ef54e8f90d24ada4c0ce17
    learnMore: 8b951e31c72e628b3067f54c47e2d1d6
    exclusive: e02ac5d232d6c9f29b2a5e28ae603e9e
    features/multiMode/title: a8b19336d9574b897f6f108131b16e36
    features/multiMode/description: 071eef325a8896bb09f5d6fd9876d26b
    features/mergeTypographyStyles/title: 4cd0fe73c4f4da7f0cd04af101c71732
    features/mergeTypographyStyles/description: 9c25ac35dd65762a29c02b31ebb71737
    features/cssMediaQueryMode/title: 1155cacdf81d10379026c625cd23a118
    features/cssMediaQueryMode/description: 1025e274659dd7586a01b22baee32584
    features/unitConversion/title: 1afdc52e1f63025fb69882f24af14575
    features/unitConversion/description: 9caf4bdf52acdbdd8bbc4c25656a9b40
    organizingYourVariables/heading: 75cb0096c85ab92caacf98f6756c7668
    organizingYourVariables/principles/title: bddbeab72a13c07cb47a83f3b79ef98e
    organizingYourVariables/principles/description: f92e995aec216785b533d8add9ef3332
    organizingYourVariables/colors/title: d4a3126551f37646eabd56f5e23cd7b8
    organizingYourVariables/colors/description: 95cc0a86569492530ac7ab18fd0a37f9
    organizingYourVariables/typography/title: 78a3b3701d9db9245db9810de6c72efb
    organizingYourVariables/typography/description: 80d45ba460059c8f4596d2ee94120b11
    organizingYourVariables/spacing/title: 9d908fa9da52a9414b2b5a22d5bb5ca5
    organizingYourVariables/spacing/description: 8e643bad74225d5005578bb11ec139c2
    organizingYourVariables/other/title: 2a95bc909e5213df9bd96d27684b2fc4
    organizingYourVariables/other/description: 7df741e3384d59d075dc90063d3e1997
    organizingYourVariables/multiMode/title: a8b19336d9574b897f6f108131b16e36
    organizingYourVariables/multiMode/description: 4491d037ce3493892e6a489439f8fb23
    figmaTemplate/heading: 1d10d026f697bf59ee3a524fde5b2a63
    figmaTemplate/title: d8456a0aa7dcb35de2018946e297437f
    figmaTemplate/description: da44b0452ceb9b9f27a6e09112e35f10
    figmaTemplate/openInFigma: ebd3e531ec366f78d81dfdc44d8946f1
    example/heading: 90200d75b52cc8ee58f7891d67b52f3f
    example/title: 90200d75b52cc8ee58f7891d67b52f3f
    example/description: 534b2735c68f12e392041e89e02dcdff
    example/note: 365ebaae0e688297a31c12eb7b09cd9d
    example/default: 23414e038c5dbb9fedd5853d7bc71fe6
    example/compact: 7b4c0c320562615c6d467db58419ba2d
  a06579c54fb7dfda1d27d2126ec7db7a:
    language: 56d7ebc7e245c2150d34cd2908dec619
    back: d9aa975ba76c61034ce8282e321f0a55
    export_figma_variables_tailwind_css_or_css_variables: b6c7e1f21d3bd7428cb1f72374728f78
    get_started: 23c8739d668d91d25a4cbbd64ef5de89
    select_variables_to_export: 694da5a5f71cf08b59645ba03da91f16
    select_collection: c3f1931477e8a64ddcb274cb13eb0e8b
    select_variables: d9f71fb2d44923cb283c1d2b32766023
    format: 83fb94fe68d5b66e53fb4b628bdfe2ef
    export: d1c1923befd470e0e9785e0c5b8f89bf
    export_successful: 77852d30a6213edd025532425427e701
    import_as_tailwind_css_presets: 7258b2617b466ecb666922aabf53a40c
    use_rem_as_unit: 817f5cd76c831d8d9389e34b35518b3d
    ignore_tailwind_css_default_palette: f55c362c86bd3ae50dd6dc4265b10c2b
    ignore_default_palette_description: 93cadacb97e80e00437998e967dc40bc
    tailwind_css_figma_template: 1eafee06faeeb1f8b46745179dbe46f3
    documentation: c3ac75f1d6ae0b9f28104800bc9b889c
    setting: 7db29f8adfdc827695da1ebe5a513d4f
    root_element_size: 754f0e1f04939a01096ed541bbfba94b
    window_size: 2029fd1bdbd07c5e06387d301d1d65ad
    large: a2c9471a0a7cc1ae8669ca7499974476
    medium: 7dd5306cef09338140d64aa941b14a60
    small: d1757e63a9f15784267fcb832197c9f3
  3a510916633619a36c46f7b6ae466490:
    md-section-0: 2bb2c65131ca6c14a40dc0473968447f
    md-section-1: 2f146f38a72aadaa46cceaa266400b3b
    md-section-2: 5236432c7fa6a59120963f77597ff3fb
    md-section-3: ac0031f1b73e5e831a8b340918c018bf
    md-section-4: 4970f0615d6c9cf3e42e9b23f95dd8f1
    md-section-5: 54ff3eef269e1d01ca9804fe307a3aca
    md-section-6: 57b0ecc9bb83bb479c923d2f430196f3
    md-section-7: 2a40ea0da8267e4915f5519950bb9796
    md-section-8: 92e53358915308e6e4a3a1cf88369727
    md-section-9: aef9aa1a0f5807b83ce97c1336a10177
    md-section-10: bd2642ca094c2e4ce733f0386172be2d
    md-section-11: 916de7f047b4589fe2886d07364b89c5
    md-section-12: ceefdc76186a152d351d5275d67b2934
    md-section-13: ca78149f82e71c93113dc8a184d2608a
    md-section-14: 1b93ff15855b37edf684c20ff4055bb6
    md-section-15: 7228772028a4a3ed8ef3d7832b50f92f
    md-section-16: a938bef7f9f2da48d3909c074208fd64
    md-section-17: dfa887fd8e827310b1b681907461b576
    md-section-18: 043bf1795b7f79bb3bfa2d20fa2f9923
    fm-attr-title: 6ffc4403292720e4db67e1436693f948
  421abf4e9b57e6555d87637d4573c9c0:
    md-section-0: f585fd2264d56f463d95f9b0811d400e
    md-section-1: ac9b0f3da0c954c24a8cf7dde51d3309
    md-section-2: eeac34588f1e3f30ac347e71163d58af
    md-section-3: 20eb61c22cf3b61bfaf1b7ba8de48da5
    md-section-4: 750aa6807984330372dfeff591fd3f04
    md-section-5: 37cd983fc34d3bc033bf16493208a2ce
    md-section-6: 93fb2e31a991f28b19ea8d56b381f2cc
    md-section-7: dd66260b8ddc9a57dbb5b97f18a81f1b
    md-section-8: c94511f4cdd03b99f69f2689f22fb9fd
    md-section-9: 54ab0174e7659c78a0368d1efbb400a2
    md-section-10: 420bae29d060098a91a925325068b835
    md-section-11: ac51563c05f58561ade8632efe7aebf1
    md-section-12: 45bf262cec9b65a391f3fca37dddfda7
    md-section-13: d59d8b1f82d826c3e72fa6d1d7f310b9
  526eb653e310e3a55d22ac15b1fda056:
    md-section-0: eca3ef68f46869882f559d83219092f4
    md-section-1: 4f7d2c636af5b66e6c98bb3fe98012b0
    md-section-2: f2406cbde6e3cab20623848b86ca7798
    md-section-3: 865843d4917f841e115aba72f0168cf5
    md-section-4: ed87d06fb691b7960fcf37c8af06e4e1
  e8b66a312fccfe004b1b7bfc0b7a069b:
    md-section-0: 0b2853372f391bb69280c88ed49d1f12
    md-section-1: e76c6d38fa69dbb7f12974bdcae5ee7a
    md-section-2: d5efbf2cf901a21fd9c7bda3b0b71c41
    md-section-3: 9a0743e2b610476493dd3b3876b3c3bd
    md-section-4: 772c1b8b1bc22c352a99839c07b0e30e
    md-section-5: 7268c09d6e5fb8047d11654081e47172
    md-section-6: f4df3811e8d1498c87b1b8d738b39b26
    md-section-7: 3d0d6b2ad3f7d444b96ffca1bba5b13c
    md-section-8: 635de0463547ebde2ab5e826aac2fb70
    md-section-9: f0875849f9df17c8f06636f59f7b07da
    md-section-10: b78f896882659d873dec2c59ad84609e
    md-section-11: f6614268277c932232f1b1d09b11cbf0
    md-section-12: 02f0d617f08738955b88cf0127de27b3
    md-section-13: 746ffd0383675ffde566c49bdb07328e
    md-section-14: 7fc8be945380246fe62554f8973dae90
    md-section-15: 1aefb07f8e3f04c7e6d81067df5b498b
    md-section-16: 1fde092f043bb6169364d6830f0954d1
    md-section-17: 51adf33450cab2ef392e93147386647c
    md-section-18: aa001cfc58a42f4d0ef284ff321db0fe
    md-section-19: a4cc12a87f8f9341b7336dc50185f524
    md-section-20: 304d0f5b38b066e1a3e38ddc5e1a245a
    md-section-21: 52df53f28f044885adef76582265c39b
    md-section-22: c95ec550163ac3d226909f36704ee4ed
    md-section-23: 3b5ee6b7e29728a4f99b92edc6830a45
    md-section-24: 086d982330419d5b446b5070c498a03a
  2cba9823b7fe411994f1b2724117cc5c:
    md-section-0: 969e9faf35654bbf9c381bcca62c088b
    md-section-1: 5ae5273c682e12bd26c9865d37bf2354
    md-section-2: 5eb89bda3431f47ba63768be691c5bd8
    md-section-3: 9a0743e2b610476493dd3b3876b3c3bd
    md-section-4: 7298c85f9e52ad6e1f621f13ca1d94e4
    md-section-5: 8c13d0ed8226595c5ebac0757a876b67
    md-section-6: 086c97f412278fa452773f7ab55ba528
  9cdcc1df0e5d5305b512c506c7150b3e:
    md-section-0: a0d7d18bb78b379ad144cd5d2ead68a8
    md-section-1: 60f04a0b45c439dd35b7adda33949930
    md-section-2: 27bc2d2e2d915a31de06cbb51f27578b
    md-section-3: 6e7794bf39d70eb4571a8dd157843596
    md-section-4: 97f93c8817f87013e37206b192d0f7ee
    md-section-5: fe0ff7ac9f36568d50dde17b24e45e76
    md-section-6: b1c78cfb56de36af4073d6d372f6fff5
    md-section-7: 518c5f3b4e1c0602533df65d67c0e286
    md-section-8: 2158b136947a8df3f9ea39979e150c2f
    md-section-9: 08bfbf5bde24128f4096b8ebd812b85c
    md-section-10: 5dfcef1439eca84b0e4d7183f8c2c50d
    md-section-11: 1a41e950a1df62fa7df083d3149a5f65
    md-section-12: 49b39f506dc58b85a445305af9769280
  3642ede58f59b7bd70c395d3da40c113:
    md-section-0: ae67f3c82a22fc18ee02c62c65426522
    md-section-1: 5225bff83654a9756715ba42b8b86fec
    md-section-2: 04c02cf37e7c8530cd1ae28c1a5c9683
    md-section-3: 66c3f1b860842dc561ce45cf2e5a9498
    md-section-4: 059a043cbce3873d7ee7ea7a2bd32d5c
    md-section-5: d5b51e6830460e2ec38b90bb4ecbfabb
    md-section-6: db367531a09e9d0abbd651b4ddec0b2c
    md-section-7: 7f92e896bc478215c382717563854b54
    md-section-8: 98399f0a4893d7329d7f57ca9b7d8181
    md-section-9: 128cc42c570e977028c7880ced7e2366
    md-section-10: 469e7608b2ede868792fa18114a763f0
  db7dc9e97b95092f4f25766ecb983aaf:
    md-section-0: 41cde00c1d42ae58b61d14c1d8e18a77
    md-section-1: 345db0f68cd9af9bfd054329940ca4ea
    md-section-2: 894c1d02583686c1260d4d78b77eda90
    md-section-3: 47c36b6885ba671fdec042004c22152f
    md-section-4: 8cd6127e9e06aa6323671cde39857507
    md-section-5: 86d8306572bc9d7e3d52b7d853670ce5
    md-section-6: 0ca614cbe531bcb1e514522f15444064
    md-section-7: 4d6dc186d58caa862b4778af0ab5710e
    md-section-8: c0e817dff91b8415d3577ff6ed2680ba
    md-section-9: 71a50ae0c1019f3c1fc29e51e81d209e
    md-section-10: 3d8bd989ea77780a5a87aac1b14c2f14
    md-section-11: 90c0530b15c6dfb410bf88c31f229e3c
    md-section-12: eddd9733e8eba40de18625e82018986f
    md-section-13: 840ceb45aa740db0413ece8e7f011006
    md-section-14: 3bf187d2dc67dc4192509641f031099a
    md-section-15: 6fffd03e6829478ceab9133da60bd70c
    md-section-16: 5795a329220f5ac2e50c96745b014afc
    md-section-17: 96b2f4c1dde1389435498fb300aab5be
    md-section-18: c0b2d608694a1f490bc4c8bf41b80c0f
    md-section-19: 82e2c35df782e1c0e2ffb7867a51cfea
    md-section-20: f5633ac4c466f5bbdfcdb8e9bbcafbef
    md-section-21: 2b8d6725a3c4f16003a5994b324b34a6
  cf14e5b488b724a16dc5220099c6c51c:
    md-section-0: 1b629e8c1dc288edfa5658aed6e60744
    md-section-1: 397e7d55e0c5c70ac4b6ce189f8541f9
    md-section-2: d281c22308f0b9a69917e7adfddb3f6b
    md-section-3: 9a0743e2b610476493dd3b3876b3c3bd
    md-section-4: 1b70f5f068d184c32ff2b04d84c1d1be
    md-section-5: d47080841778376a5a22820b4d2e4484
    md-section-6: 6f8161abe436ee7ae644d93a0d90ba25
    md-section-7: 498ecd21be1d1875ab116dcdfbed8443
  a0b411f82f1611fd7353262ed23ca068:
    md-section-0: b31aca9577cb460c4aca89382bf1fe43
    md-section-1: dc4a55bb9bd6908de944885231ca8e29
    md-section-2: 044eba87570088d940cce222e4eaacfe
    md-section-3: 30af0b43ef99a1f79f695a2a45007584
    md-section-4: 1a523176750529e2b51eec3b1d63d1aa
    md-section-5: 513128d892ea3c02f0537acce4df37f9
    md-section-6: cd2a47b4dc62b4e343328bfbae7e08dc
    md-section-7: 7c675b51da87a5ff73a759a0703fa331
    fm-attr-title: 1afdc52e1f63025fb69882f24af14575
  dab6f6d5f7e12b4f35aac0a73023bc1f:
    md-section-0: 745f10809f4ffc1920deafa529e2a26b
    md-section-1: 44528ad3d1114f358ea87499581903b9
    md-section-2: 368efe520f07db1459bc3b31fd0f139f
    md-section-3: 905c632a0f418f42b0f21e41a7351c42
    md-section-4: 8e64dc8b20acdda47a3581e426fe2932
    md-section-5: f77622d6116aac2c7a839453c0d92b89
    md-section-6: 6a2b4cbbad3d1e1aaf9cf72b75a74e81
  9d83f36cbd88969502fafb8154908c63:
    md-section-0: 3a7f707160695669a9407fd9a407e27f
    md-section-1: 87b04f6f8c6b71378e95604312b808ca
    md-section-2: e0b0eb393d815a92ba908bdc141ae0ec
    md-section-3: f77622d6116aac2c7a839453c0d92b89
    md-section-4: 4f4800971df8e7463269c8281cbed4cd
    md-section-5: 29caf6704cc53b112e986c6ea1b27f60
    md-section-6: 3f9dbc5140f41cb8c5ec550afb53ea26
    md-section-7: b904544e8baf319a2b17b0d3cf7ac37e
    md-section-8: a8d493af6fb88b786457fa96a56e9895
  9b229dea6881e03ee3fb60d6b0633648:
    md-section-0: 0b2853372f391bb69280c88ed49d1f12
    md-section-1: f333c278b58530ac46cec303d32f634b
    md-section-2: 7679f3728417518d813e1d8229e7a69e
    md-section-3: fa27bfd25506df9184ffe2837fc094d6
    md-section-4: 4150b82fb58df22c06dec8dfa611a08b
    md-section-5: 044eba87570088d940cce222e4eaacfe
    md-section-6: 40b7aa613c44ee069ea1bef081f67411
    md-section-7: e703d02eed2a67816fcf88b7cd9922a3
    md-section-8: 710e7ba216079d29481d21cdf857c098
  0fdd95f50f03121444faffa1664e1de6:
    md-section-0: e143c9cd797b31dde7a024dde25781cc
    md-section-1: 09be5c5fc6c315578924311f3cb03b94
    md-section-2: 588d1de9f0c11a0ca56295f5a38e5d84
    md-section-3: f77622d6116aac2c7a839453c0d92b89
    md-section-4: c84bd33e468b684a7429618ae0e4d6c6
    md-section-5: 9d1cd1dfc06f346eccfae83755151e59
    md-section-6: c743c74a73772d6e231d97d5b384fc67
    md-section-7: a29d9788b311d517d7305fd378619163
    md-section-8: 552016928ed0eed15338d75ab7837211
    md-section-9: 703d2512867828ba09089cfe77ba9422
    md-section-10: 131c84d1998e5e282ef60748288f6896
    md-section-11: 40d8d18f31e3b4a22a642c9b19872cc6
  0d7192d9bcf1b08927a1723b943a3063:
    md-section-0: 6f82dab9821559a81efd1d31550f928f
    md-section-1: 9e464950562df988dcc1a3543e1e7331
    md-section-2: 31226f802e8416de9792ef513aab83df
    md-section-3: 2100a759c5062c04a40e557648a53890
    md-section-4: 4017c31dee5ab9e60546c7ce32378402
    md-section-5: db9cc704461bfab092bfbf3a1d590f0a
    md-section-6: 3dfc3be253319e283ed239c506423cb5
    md-section-7: 7e1f0f4e2d6f433d50c066d3f31464cf
    md-section-8: aa1b8c5cbc26b4d0dbb39cee0334dd2c
    md-section-9: f886efde199106885e00a823e4fbc927
    md-section-10: eeffee6d057d17c9fe864683c07abdc0
    md-section-11: fb160750f1f1e5f646122f3010d3537a
    md-section-12: 51adf33450cab2ef392e93147386647c
    md-section-13: e296539134ae007af7c1ffc55a1729b9
    md-section-14: 68b8138b4321b2160ca6fe1f519dc0f0
    md-section-15: a0bedfe1190563c143860c6996789164
    md-section-16: ab7d45e36b8202bbdf0be7e915ede6a9
    md-section-17: c49b998262922186b511dc36072453dc
    md-section-18: b7e5eb423686abecd03455af40154009
    fm-attr-title: a16d1edb5eb63ad181a1ab8073a92c2a
  7732f7f20c6a13242cf6a404176ba980:
    md-section-0: 6f82dab9821559a81efd1d31550f928f
    md-section-1: 29f5cfacca348c0df674e0199acea25d
    md-section-2: b3c4a05d5cabe745a562f5cdcde9e1ee
    md-section-3: 2100a759c5062c04a40e557648a53890
    md-section-4: 4017c31dee5ab9e60546c7ce32378402
    md-section-5: 6ac34099e55c8a02b2c7ece5ebe9d8e4
    md-section-6: 50aed60f15e855752eef625c791e89f0
    md-section-7: fa94927333aa9146a38495c9a925dcbb
    md-section-8: aa1b8c5cbc26b4d0dbb39cee0334dd2c
    md-section-9: 3abae0f313abc8de40af9a7ceb615174
    md-section-10: eeffee6d057d17c9fe864683c07abdc0
    md-section-11: ef83573d8e8e99c26d9b751e66fd4852
    md-section-12: 51adf33450cab2ef392e93147386647c
    md-section-13: e296539134ae007af7c1ffc55a1729b9
    md-section-14: 748162965e931d693729dc15398680c1
    md-section-15: a0bedfe1190563c143860c6996789164
    md-section-16: ab7d45e36b8202bbdf0be7e915ede6a9
    md-section-17: c49b998262922186b511dc36072453dc
    md-section-18: b7e5eb423686abecd03455af40154009
    fm-attr-title: 659b4db81cb581943c38b0b2ddb00637
  1ee230a14721e53d4abbdcf25c0335ca:
    md-section-0: 59b67a182fc04a3abf79f4a430c63c6e
    md-section-1: 9a5eefb048f14fd7997f0cdc5f2d30ba
    md-section-2: deb69bf7b619bbd9063e5b75bcb72d49
    md-section-3: 95ab8f38c2c4a1de9362466bca9d3df7
    md-section-4: a22ce1395e9e8362b2534359885fd741
    md-section-5: 9af2513bc1aa31ffaeefd7b11355c9d3
    md-section-6: b8075b5cd758fe3c06efc42850cae92d
    md-section-7: abbe990c98a03f96d35e7ab708e14e5a
    md-section-8: aa1b8c5cbc26b4d0dbb39cee0334dd2c
    md-section-9: e0bb50af8a992d2cc4af951a5444a9f3
    md-section-10: e296539134ae007af7c1ffc55a1729b9
    md-section-11: 8698f4e8637b97e95169cc20b599c30a
    md-section-12: a0bedfe1190563c143860c6996789164
    md-section-13: 94226c6a4ce0e9c09019165d153e5ede
    md-section-14: c49b998262922186b511dc36072453dc
    md-section-15: c9767ffd94f814d5f6257ef7686d4c7e
    fm-attr-title: 187a2cbb45c41a99615d5c873739aa73
  ac330dcd21b156b5f423a1b7a0b848a9:
    md-section-0: 3584b112484a66ab6be4cf11af5f42e2
    md-section-1: 846e640b12d956a2226d80ae8a200f58
    md-section-2: 09171e7ac8d1c43941234ad759458a43
    md-section-3: f4ba2293cce9a74752db568efda201f9
    md-section-4: bc857025b21b65845f3817743ec74e93
    md-section-5: 106351b0ff4ebf3f6a3ea317c80cd9aa
    md-section-6: e382a71cde691c26e6f1971e37bdb749
    md-section-7: f82a375e2030c32047dfcfb57a6162f1
    md-section-8: 60085c5cbf696d7abdf9abe9278a005c
    md-section-9: 0941e5fb41c145a286ab1c4d67d89c3a
    md-section-10: acd105d50d541844776626382b4da8f5
    md-section-11: 56de49b8f5a708a7f5ade99819af5c39
    md-section-12: 6457521f5112c49ccb4f406fb72743f1
    md-section-13: d5d1f00d5942ae96e21e87a9b0f79ed2
    md-section-14: 2fcbacc7a75c65f3f0cc2fab249a8d51
    md-section-15: 1da8e8beb49341618363cee1683dc76a
    md-section-16: d73cb9cfecc8ef907ada8a3279185c38
    md-section-17: 700467cf2ecd3c03560f398a5a9731af
    md-section-18: 6f825fe7b35dd9d11320d5324c3b53ca
    md-section-19: f50e4911c78ce8a294d7ffa12db09533
    md-section-20: 13af61034aae1065507c379a75eca90d
    md-section-21: 965dc51136923eaf6ac362c8f2847e6f
    md-section-22: 9053d2b9ac1cf038bc6b791dc0ccc57b
    md-section-23: ded4e7d46ebe26dc3610b5beaa37bb08
    md-section-24: d49604b208b4334a4496b65a3130b125
    md-section-25: 9049fc54a49283c3df4333df85793d93
    md-section-26: 6ea5f9b6f7f5d5197ddb8d54002234b1
    md-section-27: aa6069532804fe5c93549c6885931602
    md-section-28: 681c5e7a26c96fff812b338bbd6d1824
    md-section-29: 616edbbf75f7ad394111e9bb24f5e2d7
    md-section-30: e8d74b74a3aa451fa558336b5eb1d19c
    md-section-31: 3fe2765ab98041a949ea0b7eac0dc7b0
    md-section-32: 54ceabefa7371e63a9d2f63e1206e6b8
    md-section-33: 094ce76f64e96cf273750a239472e90b
    md-section-34: be5b4c0a34599c618bd7b6f115c67530
    md-section-35: 383bf38381953db1074d2e540b0b5370
